
Microsoft Visual Studio Solution File, Format Version 12.00
# Visual Studio Version 16
VisualStudioVersion = 16.0.31129.286
MinimumVisualStudioVersion = 10.0.40219.1
Project("{9A19103F-16F7-4668-BE54-9A1E7A4F7556}") = "eProtokoll", "eProtokoll\eProtokoll.csproj", "{0A6F6477-A1E1-440B-963C-386CBE63956E}"
EndProject
Global
	GlobalSection(SolutionConfigurationPlatforms) = preSolution
		Debug|Any CPU = Debug|Any CPU
		Release|Any CPU = Release|Any CPU
	EndGlobalSection
	GlobalSection(ProjectConfigurationPlatforms) = postSolution
		{0A6F6477-A1E1-440B-963C-386CBE63956E}.Debug|Any CPU.ActiveCfg = Debug|Any CPU
		{0A6F6477-A1E1-440B-963C-386CBE63956E}.Debug|Any CPU.Build.0 = Debug|Any CPU
		{0A6F6477-A1E1-440B-963C-386CBE63956E}.Release|Any CPU.ActiveCfg = Release|Any CPU
		{0A6F6477-A1E1-440B-963C-386CBE63956E}.Release|Any CPU.Build.0 = Release|Any CPU
	EndGlobalSection
	GlobalSection(SolutionProperties) = preSolution
		HideSolutionNode = FALSE
	EndGlobalSection
	GlobalSection(ExtensibilityGlobals) = postSolution
		SolutionGuid = {607DC646-D5D1-4212-9275-35D89A87069A}
	EndGlobalSection
EndGlobal
